{
  "name": "@qupa/uniview",
  "version": "0.0.0",
  "lockfileVersion": 1,
  "requires": true,
  "dependencies": {
    "bnf-parser": {
      "version": "2.2.4",
      "resolved": "https://registry.npmjs.org/bnf-parser/-/bnf-parser-2.2.4.tgz",
      "integrity": "sha512-R3qCgcrLBo6IvXBEVGjC4o7RaMj6eI2Y5Vbav+xZ1wi6z8N514/XcCR7dwzS9RImSbjU3n8f1WxY/Gc11Du3zw=="
    }
  }
}
